
Microsoft Visual Studio Solution File, Format Version 12.00
# Visual Studio 15
VisualStudioVersion = 15.0.28307.757
MinimumVisualStudioVersion = 10.0.40219.1
Project("{FAE04EC0-301F-11D3-BF4B-00C04F79EFBC}") = "DataStructures", "DataStructures\DataStructures.csproj", "{A0C8CF53-3F83-42E7-A3FE-20311CF3E187}"
EndProject
Global
	GlobalSection(SolutionConfigurationPlatforms) = preSolution
		Debug|Any CPU = Debug|Any CPU
		Release|Any CPU = Release|Any CPU
	EndGlobalSection
	GlobalSection(ProjectConfigurationPlatforms) = postSolution
		{A0C8CF53-3F83-42E7-A3FE-20311CF3E187}.Debug|Any CPU.ActiveCfg = Debug|Any CPU
		{A0C8CF53-3F83-42E7-A3FE-20311CF3E187}.Debug|Any CPU.Build.0 = Debug|Any CPU
		{A0C8CF53-3F83-42E7-A3FE-20311CF3E187}.Release|Any CPU.ActiveCfg = Release|Any CPU
		{A0C8CF53-3F83-42E7-A3FE-20311CF3E187}.Release|Any CPU.Build.0 = Release|Any CPU
	EndGlobalSection
	GlobalSection(SolutionProperties) = preSolution
		HideSolutionNode = FALSE
	EndGlobalSection
	GlobalSection(ExtensibilityGlobals) = postSolution
		SolutionGuid = {769BE37A-34BD-411F-AB7D-5EF013287240}
	EndGlobalSection
EndGlobal
